
Microsoft Visual Studio Solution File, Format Version 12.00
# Visual Studio Version 17
VisualStudioVersion = 17.14.36121.58 d17.14
MinimumVisualStudioVersion = 10.0.40219.1
Project("{FAE04EC0-301F-11D3-BF4B-00C04F79EFBC}") = "FarGuard.Windows", "FarGuard.Windows\FarGuard.Windows.csproj", "{671D2973-E3A9-4645-94CB-EE0F16ABD151}"
EndProject
Project("{FAE04EC0-301F-11D3-BF4B-00C04F79EFBC}") = "FarGuard.Core", "FarGuard.Core\FarGuard.Core.csproj", "{63BBD095-0724-4B86-B334-BAF860D9A327}"
EndProject
Global
	GlobalSection(SolutionConfigurationPlatforms) = preSolution
		Debug|Any CPU = Debug|Any CPU
		Release|Any CPU = Release|Any CPU
	EndGlobalSection
	GlobalSection(ProjectConfigurationPlatforms) = postSolution
		{671D2973-E3A9-4645-94CB-EE0F16ABD151}.Debug|Any CPU.ActiveCfg = Debug|Any CPU
		{671D2973-E3A9-4645-94CB-EE0F16ABD151}.Debug|Any CPU.Build.0 = Debug|Any CPU
		{671D2973-E3A9-4645-94CB-EE0F16ABD151}.Release|Any CPU.ActiveCfg = Release|Any CPU
		{671D2973-E3A9-4645-94CB-EE0F16ABD151}.Release|Any CPU.Build.0 = Release|Any CPU
		{63BBD095-0724-4B86-B334-BAF860D9A327}.Debug|Any CPU.ActiveCfg = Debug|Any CPU
		{63BBD095-0724-4B86-B334-BAF860D9A327}.Debug|Any CPU.Build.0 = Debug|Any CPU
		{63BBD095-0724-4B86-B334-BAF860D9A327}.Release|Any CPU.ActiveCfg = Release|Any CPU
		{63BBD095-0724-4B86-B334-BAF860D9A327}.Release|Any CPU.Build.0 = Release|Any CPU
	EndGlobalSection
	GlobalSection(SolutionProperties) = preSolution
		HideSolutionNode = FALSE
	EndGlobalSection
	GlobalSection(ExtensibilityGlobals) = postSolution
		SolutionGuid = {6683E826-1355-45B1-818B-E5044F9A535D}
	EndGlobalSection
EndGlobal
